
Microsoft Visual Studio Solution File, Format Version 12.00
# Visual Studio Version 16
VisualStudioVersion = 16.0.29519.181
MinimumVisualStudioVersion = 10.0.40219.1
Project("{FAE04EC0-301F-11D3-BF4B-00C04F79EFBC}") = "LastCheck", "LastCheck\LastCheck.csproj", "{28CCEDCC-6AF9-4100-8290-53726059963B}"
EndProject
Global
	GlobalSection(SolutionConfigurationPlatforms) = preSolution
		Debug|Any CPU = Debug|Any CPU
		Release|Any CPU = Release|Any CPU
	EndGlobalSection
	GlobalSection(ProjectConfigurationPlatforms) = postSolution
		{28CCEDCC-6AF9-4100-8290-53726059963B}.Debug|Any CPU.ActiveCfg = Release|Any CPU
		{28CCEDCC-6AF9-4100-8290-53726059963B}.Debug|Any CPU.Build.0 = Release|Any CPU
		{28CCEDCC-6AF9-4100-8290-53726059963B}.Release|Any CPU.ActiveCfg = Release|Any CPU
		{28CCEDCC-6AF9-4100-8290-53726059963B}.Release|Any CPU.Build.0 = Release|Any CPU
	EndGlobalSection
	GlobalSection(SolutionProperties) = preSolution
		HideSolutionNode = FALSE
	EndGlobalSection
	GlobalSection(ExtensibilityGlobals) = postSolution
		SolutionGuid = {F6F7EBAD-23B9-4E5C-B3E9-C8C05F039D17}
	EndGlobalSection
EndGlobal
